
Microsoft Visual Studio Solution File, Format Version 12.00
# Visual Studio Version 16
VisualStudioVersion = 16.0.32413.511
MinimumVisualStudioVersion = 10.0.40219.1
Project("{FAE04EC0-301F-11D3-BF4B-00C04F79EFBC}") = "Myclass", "Myclass\Myclass.csproj", "{295483A8-E697-478E-ACDA-3195E86C3BD4}"
EndProject
Global
	GlobalSection(SolutionConfigurationPlatforms) = preSolution
		Debug|Any CPU = Debug|Any CPU
		Release|Any CPU = Release|Any CPU
	EndGlobalSection
	GlobalSection(ProjectConfigurationPlatforms) = postSolution
		{295483A8-E697-478E-ACDA-3195E86C3BD4}.Debug|Any CPU.ActiveCfg = Debug|Any CPU
		{295483A8-E697-478E-ACDA-3195E86C3BD4}.Debug|Any CPU.Build.0 = Debug|Any CPU
		{295483A8-E697-478E-ACDA-3195E86C3BD4}.Release|Any CPU.ActiveCfg = Release|Any CPU
		{295483A8-E697-478E-ACDA-3195E86C3BD4}.Release|Any CPU.Build.0 = Release|Any CPU
	EndGlobalSection
	GlobalSection(SolutionProperties) = preSolution
		HideSolutionNode = FALSE
	EndGlobalSection
	GlobalSection(ExtensibilityGlobals) = postSolution
		SolutionGuid = {59188F94-D4F8-4309-A531-B452F6671BBC}
	EndGlobalSection
EndGlobal
